
Microsoft Visual Studio Solution File, Format Version 12.00
# Visual Studio Version 16
VisualStudioVersion = 16.0.29411.108
MinimumVisualStudioVersion = 10.0.40219.1
Project("{FAE04EC0-301F-11D3-BF4B-00C04F79EFBC}") = "Lobanov-TestPortal", "Lobanov-TestPortal.csproj", "{7C95A4CF-B508-46AE-9771-58CDB1E6B146}"
EndProject
Global
	GlobalSection(SolutionConfigurationPlatforms) = preSolution
		Debug|Any CPU = Debug|Any CPU
		Release|Any CPU = Release|Any CPU
	EndGlobalSection
	GlobalSection(ProjectConfigurationPlatforms) = postSolution
		{7C95A4CF-B508-46AE-9771-58CDB1E6B146}.Debug|Any CPU.ActiveCfg = Debug|Any CPU
		{7C95A4CF-B508-46AE-9771-58CDB1E6B146}.Debug|Any CPU.Build.0 = Debug|Any CPU
		{7C95A4CF-B508-46AE-9771-58CDB1E6B146}.Release|Any CPU.ActiveCfg = Release|Any CPU
		{7C95A4CF-B508-46AE-9771-58CDB1E6B146}.Release|Any CPU.Build.0 = Release|Any CPU
	EndGlobalSection
	GlobalSection(SolutionProperties) = preSolution
		HideSolutionNode = FALSE
	EndGlobalSection
	GlobalSection(ExtensibilityGlobals) = postSolution
		SolutionGuid = {C3E1F51D-BC89-476E-8E1F-1675E8B3E49E}
	EndGlobalSection
EndGlobal
